// !$*UTF8*$!
{
	archiveVersion = 1;
	classes = {
	};
	objectVersion = 56;
	objects = {

/* Begin PBXBuildFile section */
		4A108B232A896D38009450FF /* ThreadsTabView.swift in Sources */ = {isa = PBXBuildFile; fileRef = 4A108B222A896D38009450FF /* ThreadsTabView.swift */; };
		4A108B252A896D81009450FF /* ThreadActivityRowView.swift in Sources */ = {isa = PBXBuildFile; fileRef = 4A108B242A896D81009450FF /* ThreadActivityRowView.swift */; };
		4A4734BE2A77D96B00C67842 /* ThreadsChatApp.swift in Sources */ = {isa = PBXBuildFile; fileRef = 4A4734BD2A77D96B00C67842 /* ThreadsChatApp.swift */; };
		4A4734C02A77D96B00C67842 /* ThreadsView.swift in Sources */ = {isa = PBXBuildFile; fileRef = 4A4734BF2A77D96B00C67842 /* ThreadsView.swift */; };
		4A4734C22A77D96C00C67842 /* Assets.xcassets in Resources */ = {isa = PBXBuildFile; fileRef = 4A4734C12A77D96C00C67842 /* Assets.xcassets */; };
		4A4734C52A77D96C00C67842 /* Preview Assets.xcassets in Resources */ = {isa = PBXBuildFile; fileRef = 4A4734C42A77D96C00C67842 /* Preview Assets.xcassets */; };
		4A4734CE2A77EF9F00C67842 /* BubbleView.swift in Sources */ = {isa = PBXBuildFile; fileRef = 4A4734CD2A77EF9F00C67842 /* BubbleView.swift */; };
		4A6909992A7AA53E007A8BA0 /* ThreadView.swift in Sources */ = {isa = PBXBuildFile; fileRef = 4A6909982A7AA53E007A8BA0 /* ThreadView.swift */; };
		4A7F35762A7BCBBA0083CD5F /* ProfileView.swift in Sources */ = {isa = PBXBuildFile; fileRef = 4A7F35752A7BCBBA0083CD5F /* ProfileView.swift */; };
		4A8A27F52A839451009C4739 /* SegmentedPicker.swift in Sources */ = {isa = PBXBuildFile; fileRef = 4A8A27F42A839451009C4739 /* SegmentedPicker.swift */; };
		4A8A27F82A83BA97009C4739 /* StreamChatSwiftUI in Frameworks */ = {isa = PBXBuildFile; productRef = 4A8A27F72A83BA97009C4739 /* StreamChatSwiftUI */; };
		4A8A27FA2A83BB3B009C4739 /* AppDelegate.swift in Sources */ = {isa = PBXBuildFile; fileRef = 4A8A27F92A83BB3B009C4739 /* AppDelegate.swift */; };
		4A8A27FC2A83C0E4009C4739 /* ThreadChatView.swift in Sources */ = {isa = PBXBuildFile; fileRef = 4A8A27FB2A83C0E4009C4739 /* ThreadChatView.swift */; };
/* End PBXBuildFile section */

/* Begin PBXFileReference section */
		4A108B222A896D38009450FF /* ThreadsTabView.swift */ = {isa = PBXFileReference; lastKnownFileType = sourcecode.swift; path = ThreadsTabView.swift; sourceTree = "<group>"; };
		4A108B242A896D81009450FF /* ThreadActivityRowView.swift */ = {isa = PBXFileReference; lastKnownFileType = sourcecode.swift; path = ThreadActivityRowView.swift; sourceTree = "<group>"; };
		4A4734BA2A77D96B00C67842 /* ThreadsChat.app */ = {isa = PBXFileReference; explicitFileType = wrapper.application; includeInIndex = 0; path = ThreadsChat.app; sourceTree = BUILT_PRODUCTS_DIR; };
		4A4734BD2A77D96B00C67842 /* ThreadsChatApp.swift */ = {isa = PBXFileReference; lastKnownFileType = sourcecode.swift; path = ThreadsChatApp.swift; sourceTree = "<group>"; };
		4A4734BF2A77D96B00C67842 /* ThreadsView.swift */ = {isa = PBXFileReference; lastKnownFileType = sourcecode.swift; path = ThreadsView.swift; sourceTree = "<group>"; };
		4A4734C12A77D96C00C67842 /* Assets.xcassets */ = {isa = PBXFileReference; lastKnownFileType = folder.assetcatalog; path = Assets.xcassets; sourceTree = "<group>"; };
		4A4734C42A77D96C00C67842 /* Preview Assets.xcassets */ = {isa = PBXFileReference; lastKnownFileType = folder.assetcatalog; path = "Preview Assets.xcassets"; sourceTree = "<group>"; };
		4A4734CD2A77EF9F00C67842 /* BubbleView.swift */ = {isa = PBXFileReference; lastKnownFileType = sourcecode.swift; path = BubbleView.swift; sourceTree = "<group>"; };
		4A6909982A7AA53E007A8BA0 /* ThreadView.swift */ = {isa = PBXFileReference; lastKnownFileType = sourcecode.swift; path = ThreadView.swift; sourceTree = "<group>"; };
		4A7F35752A7BCBBA0083CD5F /* ProfileView.swift */ = {isa = PBXFileReference; lastKnownFileType = sourcecode.swift; path = ProfileView.swift; sourceTree = "<group>"; };
		4A8A27F42A839451009C4739 /* SegmentedPicker.swift */ = {isa = PBXFileReference; lastKnownFileType = sourcecode.swift; path = SegmentedPicker.swift; sourceTree = "<group>"; };
		4A8A27F92A83BB3B009C4739 /* AppDelegate.swift */ = {isa = PBXFileReference; lastKnownFileType = sourcecode.swift; path = AppDelegate.swift; sourceTree = "<group>"; };
		4A8A27FB2A83C0E4009C4739 /* ThreadChatView.swift */ = {isa = PBXFileReference; lastKnownFileType = sourcecode.swift; path = ThreadChatView.swift; sourceTree = "<group>"; };
/* End PBXFileReference section */

/* Begin PBXFrameworksBuildPhase section */
		4A4734B72A77D96B00C67842 /* Frameworks */ = {
			isa = PBXFrameworksBuildPhase;
			buildActionMask = 2147483647;
			files = (
				4A8A27F82A83BA97009C4739 /* StreamChatSwiftUI in Frameworks */,
			);
			runOnlyForDeploymentPostprocessing = 0;
		};
/* End PBXFrameworksBuildPhase section */

/* Begin PBXGroup section */
		4A4734B12A77D96B00C67842 = {
			isa = PBXGroup;
			children = (
				4A4734BC2A77D96B00C67842 /* ThreadsChat */,
				4A4734BB2A77D96B00C67842 /* Products */,
			);
			sourceTree = "<group>";
		};
		4A4734BB2A77D96B00C67842 /* Products */ = {
			isa = PBXGroup;
			children = (
				4A4734BA2A77D96B00C67842 /* ThreadsChat.app */,
			);
			name = Products;
			sourceTree = "<group>";
		};
		4A4734BC2A77D96B00C67842 /* ThreadsChat */ = {
			isa = PBXGroup;
			children = (
				4A4734BD2A77D96B00C67842 /* ThreadsChatApp.swift */,
				4A108B222A896D38009450FF /* ThreadsTabView.swift */,
				4A4734BF2A77D96B00C67842 /* ThreadsView.swift */,
				4A4734C12A77D96C00C67842 /* Assets.xcassets */,
				4A4734C32A77D96C00C67842 /* Preview Content */,
				4A8A27F92A83BB3B009C4739 /* AppDelegate.swift */,
				4A8A27FB2A83C0E4009C4739 /* ThreadChatView.swift */,
				4A7F35752A7BCBBA0083CD5F /* ProfileView.swift */,
				4A4734CD2A77EF9F00C67842 /* BubbleView.swift */,
				4A8A27F42A839451009C4739 /* SegmentedPicker.swift */,
				4A108B242A896D81009450FF /* ThreadActivityRowView.swift */,
				4A6909982A7AA53E007A8BA0 /* ThreadView.swift */,
			);
			path = ThreadsChat;
			sourceTree = "<group>";
		};
		4A4734C32A77D96C00C67842 /* Preview Content */ = {
			isa = PBXGroup;
			children = (
				4A4734C42A77D96C00C67842 /* Preview Assets.xcassets */,
			);
			path = "Preview Content";
			sourceTree = "<group>";
		};
/* End PBXGroup section */

/* Begin PBXNativeTarget section */
		4A4734B92A77D96B00C67842 /* ThreadsChat */ = {
			isa = PBXNativeTarget;
			buildConfigurationList = 4A4734C82A77D96C00C67842 /* Build configuration list for PBXNativeTarget "ThreadsChat" */;
			buildPhases = (
				4A4734B62A77D96B00C67842 /* Sources */,
				4A4734B72A77D96B00C67842 /* Frameworks */,
				4A4734B82A77D96B00C67842 /* Resources */,
			);
			buildRules = (
			);
			dependencies = (
			);
			name = ThreadsChat;
			packageProductDependencies = (
				4A8A27F72A83BA97009C4739 /* StreamChatSwiftUI */,
			);
			productName = ThreadsChat;
			productReference = 4A4734BA2A77D96B00C67842 /* ThreadsChat.app */;
			productType = "com.apple.product-type.application";
		};
/* End PBXNativeTarget section */

/* Begin PBXProject section */
		4A4734B22A77D96B00C67842 /* Project object */ = {
			isa = PBXProject;
			attributes = {
				BuildIndependentTargetsInParallel = 1;
				LastSwiftUpdateCheck = 1430;
				LastUpgradeCheck = 1430;
				TargetAttributes = {
					4A4734B92A77D96B00C67842 = {
						CreatedOnToolsVersion = 14.3.1;
					};
				};
			};
			buildConfigurationList = 4A4734B52A77D96B00C67842 /* Build configuration list for PBXProject "ThreadsChat" */;
			compatibilityVersion = "Xcode 14.0";
			developmentRegion = en;
			hasScannedForEncodings = 0;
			knownRegions = (
				en,
				Base,
			);
			mainGroup = 4A4734B12A77D96B00C67842;
			packageReferences = (
				4A8A27F62A83BA97009C4739 /* XCRemoteSwiftPackageReference "stream-chat-swiftui" */,
			);
			productRefGroup = 4A4734BB2A77D96B00C67842 /* Products */;
			projectDirPath = "";
			projectRoot = "";
			targets = (
				4A4734B92A77D96B00C67842 /* ThreadsChat */,
			);
		};
/* End PBXProject section */

/* Begin PBXResourcesBuildPhase section */
		4A4734B82A77D96B00C67842 /* Resources */ = {
			isa = PBXResourcesBuildPhase;
			buildActionMask = 2147483647;
			files = (
				4A4734C52A77D96C00C67842 /* Preview Assets.xcassets in Resources */,
				4A4734C22A77D96C00C67842 /* Assets.xcassets in Resources */,
			);
			runOnlyForDeploymentPostprocessing = 0;
		};
/* End PBXResourcesBuildPhase section */

/* Begin PBXSourcesBuildPhase section */
		4A4734B62A77D96B00C67842 /* Sources */ = {
			isa = PBXSourcesBuildPhase;
			buildActionMask = 2147483647;
			files = (
				4A8A27F52A839451009C4739 /* SegmentedPicker.swift in Sources */,
				4A4734CE2A77EF9F00C67842 /* BubbleView.swift in Sources */,
				4A108B252A896D81009450FF /* ThreadActivityRowView.swift in Sources */,
				4A8A27FC2A83C0E4009C4739 /* ThreadChatView.swift in Sources */,
				4A4734C02A77D96B00C67842 /* ThreadsView.swift in Sources */,
				4A7F35762A7BCBBA0083CD5F /* ProfileView.swift in Sources */,
				4A108B232A896D38009450FF /* ThreadsTabView.swift in Sources */,
				4A8A27FA2A83BB3B009C4739 /* AppDelegate.swift in Sources */,
				4A6909992A7AA53E007A8BA0 /* ThreadView.swift in Sources */,
				4A4734BE2A77D96B00C67842 /* ThreadsChatApp.swift in Sources */,
			);
			runOnlyForDeploymentPostprocessing = 0;
		};
/* End PBXSourcesBuildPhase section */

/* Begin XCBuildConfiguration section */
		4A4734C62A77D96C00C67842 /* Debug */ = {
			isa = XCBuildConfiguration;
			buildSettings = {
				ALWAYS_SEARCH_USER_PATHS = NO;
				CLANG_ANALYZER_NONNULL = YES;
				CLANG_ANALYZER_NUMBER_OBJECT_CONVERSION = YES_AGGRESSIVE;
				CLANG_CXX_LANGUAGE_STANDARD = "gnu++20";
				CLANG_ENABLE_MODULES = YES;
				CLANG_ENABLE_OBJC_ARC = YES;
				CLANG_ENABLE_OBJC_WEAK = YES;
				CLANG_WARN_BLOCK_CAPTURE_AUTORELEASING = YES;
				CLANG_WARN_BOOL_CONVERSION = YES;
				CLANG_WARN_COMMA = YES;
				CLANG_WARN_CONSTANT_CONVERSION = YES;
				CLANG_WARN_DEPRECATED_OBJC_IMPLEMENTATIONS = YES;
				CLANG_WARN_DIRECT_OBJC_ISA_USAGE = YES_ERROR;
				CLANG_WARN_DOCUMENTATION_COMMENTS = YES;
				CLANG_WARN_EMPTY_BODY = YES;
				CLANG_WARN_ENUM_CONVERSION = YES;
				CLANG_WARN_INFINITE_RECURSION = YES;
				CLANG_WARN_INT_CONVERSION = YES;
				CLANG_WARN_NON_LITERAL_NULL_CONVERSION = YES;
				CLANG_WARN_OBJC_IMPLICIT_RETAIN_SELF = YES;
				CLANG_WARN_OBJC_LITERAL_CONVERSION = YES;
				CLANG_WARN_OBJC_ROOT_CLASS = YES_ERROR;
				CLANG_WARN_QUOTED_INCLUDE_IN_FRAMEWORK_HEADER = YES;
				CLANG_WARN_RANGE_LOOP_ANALYSIS = YES;
				CLANG_WARN_STRICT_PROTOTYPES = YES;
				CLANG_WARN_SUSPICIOUS_MOVE = YES;
				CLANG_WARN_UNGUARDED_AVAILABILITY = YES_AGGRESSIVE;
				CLANG_WARN_UNREACHABLE_CODE = YES;
				CLANG_WARN__DUPLICATE_METHOD_MATCH = YES;
				COPY_PHASE_STRIP = NO;
				DEBUG_INFORMATION_FORMAT = dwarf;
				ENABLE_STRICT_OBJC_MSGSEND = YES;
				ENABLE_TESTABILITY = YES;
				GCC_C_LANGUAGE_STANDARD = gnu11;
				GCC_DYNAMIC_NO_PIC = NO;
				GCC_NO_COMMON_BLOCKS = YES;
				GCC_OPTIMIZATION_LEVEL = 0;
				GCC_PREPROCESSOR_DEFINITIONS = (
					"DEBUG=1",
					"$(inherited)",
				);
				GCC_WARN_64_TO_32_BIT_CONVERSION = YES;
				GCC_WARN_ABOUT_RETURN_TYPE = YES_ERROR;
				GCC_WARN_UNDECLARED_SELECTOR = YES;
				GCC_WARN_UNINITIALIZED_AUTOS = YES_AGGRESSIVE;
				GCC_WARN_UNUSED_FUNCTION = YES;
				GCC_WARN_UNUSED_VARIABLE = YES;
				IPHONEOS_DEPLOYMENT_TARGET = 16.4;
				MTL_ENABLE_DEBUG_INFO = INCLUDE_SOURCE;
				MTL_FAST_MATH = YES;
				ONLY_ACTIVE_ARCH = YES;
				SDKROOT = iphoneos;
				SWIFT_ACTIVE_COMPILATION_CONDITIONS = DEBUG;
				SWIFT_OPTIMIZATION_LEVEL = "-Onone";
			};
			name = Debug;
		};
		4A4734C72A77D96C00C67842 /* Release */ = {
			isa = XCBuildConfiguration;
			buildSettings = {
				ALWAYS_SEARCH_USER_PATHS = NO;
				CLANG_ANALYZER_NONNULL = YES;
				CLANG_ANALYZER_NUMBER_OBJECT_CONVERSION = YES_AGGRESSIVE;
				CLANG_CXX_LANGUAGE_STANDARD = "gnu++20";
				CLANG_ENABLE_MODULES = YES;
				CLANG_ENABLE_OBJC_ARC = YES;
				CLANG_ENABLE_OBJC_WEAK = YES;
				CLANG_WARN_BLOCK_CAPTURE_AUTORELEASING = YES;
				CLANG_WARN_BOOL_CONVERSION = YES;
				CLANG_WARN_COMMA = YES;
				CLANG_WARN_CONSTANT_CONVERSION = YES;
				CLANG_WARN_DEPRECATED_OBJC_IMPLEMENTATIONS = YES;
				CLANG_WARN_DIRECT_OBJC_ISA_USAGE = YES_ERROR;
				CLANG_WARN_DOCUMENTATION_COMMENTS = YES;
				CLANG_WARN_EMPTY_BODY = YES;
				CLANG_WARN_ENUM_CONVERSION = YES;
				CLANG_WARN_INFINITE_RECURSION = YES;
				CLANG_WARN_INT_CONVERSION = YES;
				CLANG_WARN_NON_LITERAL_NULL_CONVERSION = YES;
				CLANG_WARN_OBJC_IMPLICIT_RETAIN_SELF = YES;
				CLANG_WARN_OBJC_LITERAL_CONVERSION = YES;
				CLANG_WARN_OBJC_ROOT_CLASS = YES_ERROR;
				CLANG_WARN_QUOTED_INCLUDE_IN_FRAMEWORK_HEADER = YES;
				CLANG_WARN_RANGE_LOOP_ANALYSIS = YES;
				CLANG_WARN_STRICT_PROTOTYPES = YES;
				CLANG_WARN_SUSPICIOUS_MOVE = YES;
				CLANG_WARN_UNGUARDED_AVAILABILITY = YES_AGGRESSIVE;
				CLANG_WARN_UNREACHABLE_CODE = YES;
				CLANG_WARN__DUPLICATE_METHOD_MATCH = YES;
				COPY_PHASE_STRIP = NO;
				DEBUG_INFORMATION_FORMAT = "dwarf-with-dsym";
				ENABLE_NS_ASSERTIONS = NO;
				ENABLE_STRICT_OBJC_MSGSEND = YES;
				GCC_C_LANGUAGE_STANDARD = gnu11;
				GCC_NO_COMMON_BLOCKS = YES;
				GCC_WARN_64_TO_32_BIT_CONVERSION = YES;
				GCC_WARN_ABOUT_RETURN_TYPE = YES_ERROR;
				GCC_WARN_UNDECLARED_SELECTOR = YES;
				GCC_WARN_UNINITIALIZED_AUTOS = YES_AGGRESSIVE;
				GCC_WARN_UNUSED_FUNCTION = YES;
				GCC_WARN_UNUSED_VARIABLE = YES;
				IPHONEOS_DEPLOYMENT_TARGET = 16.4;
				MTL_ENABLE_DEBUG_INFO = NO;
				MTL_FAST_MATH = YES;
				SDKROOT = iphoneos;
				SWIFT_COMPILATION_MODE = wholemodule;
				SWIFT_OPTIMIZATION_LEVEL = "-O";
				VALIDATE_PRODUCT = YES;
			};
			name = Release;
		};
		4A4734C92A77D96C00C67842 /* Debug */ = {
			isa = XCBuildConfiguration;
			buildSettings = {
				ASSETCATALOG_COMPILER_APPICON_NAME = AppIcon;
				ASSETCATALOG_COMPILER_GLOBAL_ACCENT_COLOR_NAME = AccentColor;
				CODE_SIGN_STYLE = Automatic;
				CURRENT_PROJECT_VERSION = 1;
				DEVELOPMENT_ASSET_PATHS = "\"ThreadsChat/Preview Content\"";
				DEVELOPMENT_TEAM = 5AC2ZFLBZQ;
				ENABLE_PREVIEWS = YES;
				GENERATE_INFOPLIST_FILE = YES;
				INFOPLIST_KEY_UIApplicationSceneManifest_Generation = YES;
				INFOPLIST_KEY_UIApplicationSupportsIndirectInputEvents = YES;
				INFOPLIST_KEY_UILaunchScreen_Generation = YES;
				INFOPLIST_KEY_UISupportedInterfaceOrientations_iPad = "UIInterfaceOrientationPortrait UIInterfaceOrientationPortraitUpsideDown UIInterfaceOrientationLandscapeLeft UIInterfaceOrientationLandscapeRight";
				INFOPLIST_KEY_UISupportedInterfaceOrientations_iPhone = "UIInterfaceOrientationPortrait UIInterfaceOrientationLandscapeLeft UIInterfaceOrientationLandscapeRight";
				LD_RUNPATH_SEARCH_PATHS = (
					"$(inherited)",
					"@executable_path/Frameworks",
				);
				MARKETING_VERSION = 1.0;
				PRODUCT_BUNDLE_IDENTIFIER = io.getstream.ThreadsChat;
				PRODUCT_NAME = "$(TARGET_NAME)";
				SWIFT_EMIT_LOC_STRINGS = YES;
				SWIFT_VERSION = 5.0;
				TARGETED_DEVICE_FAMILY = "1,2";
			};
			name = Debug;
		};
		4A4734CA2A77D96C00C67842 /* Release */ = {
			isa = XCBuildConfiguration;
			buildSettings = {
				ASSETCATALOG_COMPILER_APPICON_NAME = AppIcon;
				ASSETCATALOG_COMPILER_GLOBAL_ACCENT_COLOR_NAME = AccentColor;
				CODE_SIGN_STYLE = Automatic;
				CURRENT_PROJECT_VERSION = 1;
				DEVELOPMENT_ASSET_PATHS = "\"ThreadsChat/Preview Content\"";
				DEVELOPMENT_TEAM = 5AC2ZFLBZQ;
				ENABLE_PREVIEWS = YES;
				GENERATE_INFOPLIST_FILE = YES;
				INFOPLIST_KEY_UIApplicationSceneManifest_Generation = YES;
				INFOPLIST_KEY_UIApplicationSupportsIndirectInputEvents = YES;
				INFOPLIST_KEY_UILaunchScreen_Generation = YES;
				INFOPLIST_KEY_UISupportedInterfaceOrientations_iPad = "UIInterfaceOrientationPortrait UIInterfaceOrientationPortraitUpsideDown UIInterfaceOrientationLandscapeLeft UIInterfaceOrientationLandscapeRight";
				INFOPLIST_KEY_UISupportedInterfaceOrientations_iPhone = "UIInterfaceOrientationPortrait UIInterfaceOrientationLandscapeLeft UIInterfaceOrientationLandscapeRight";
				LD_RUNPATH_SEARCH_PATHS = (
					"$(inherited)",
					"@executable_path/Frameworks",
				);
				MARKETING_VERSION = 1.0;
				PRODUCT_BUNDLE_IDENTIFIER = io.getstream.ThreadsChat;
				PRODUCT_NAME = "$(TARGET_NAME)";
				SWIFT_EMIT_LOC_STRINGS = YES;
				SWIFT_VERSION = 5.0;
				TARGETED_DEVICE_FAMILY = "1,2";
			};
			name = Release;
		};
/* End XCBuildConfiguration section */

/* Begin XCConfigurationList section */
		4A4734B52A77D96B00C67842 /* Build configuration list for PBXProject "ThreadsChat" */ = {
			isa = XCConfigurationList;
			buildConfigurations = (
				4A4734C62A77D96C00C67842 /* Debug */,
				4A4734C72A77D96C00C67842 /* Release */,
			);
			defaultConfigurationIsVisible = 0;
			defaultConfigurationName = Release;
		};
		4A4734C82A77D96C00C67842 /* Build configuration list for PBXNativeTarget "ThreadsChat" */ = {
			isa = XCConfigurationList;
			buildConfigurations = (
				4A4734C92A77D96C00C67842 /* Debug */,
				4A4734CA2A77D96C00C67842 /* Release */,
			);
			defaultConfigurationIsVisible = 0;
			defaultConfigurationName = Release;
		};
/* End XCConfigurationList section */

/* Begin XCRemoteSwiftPackageReference section */
		4A8A27F62A83BA97009C4739 /* XCRemoteSwiftPackageReference "stream-chat-swiftui" */ = {
			isa = XCRemoteSwiftPackageReference;
			repositoryURL = "https://github.com/getstream/stream-chat-swiftui";
			requirement = {
				kind = upToNextMajorVersion;
				minimumVersion = 4.0.0;
			};
		};
/* End XCRemoteSwiftPackageReference section */

/* Begin XCSwiftPackageProductDependency section */
		4A8A27F72A83BA97009C4739 /* StreamChatSwiftUI */ = {
			isa = XCSwiftPackageProductDependency;
			package = 4A8A27F62A83BA97009C4739 /* XCRemoteSwiftPackageReference "stream-chat-swiftui" */;
			productName = StreamChatSwiftUI;
		};
/* End XCSwiftPackageProductDependency section */
	};
	rootObject = 4A4734B22A77D96B00C67842 /* Project object */;
}
